
Microsoft Visual Studio Solution File, Format Version 12.00
# Visual Studio Version 17
VisualStudioVersion = 17.9.34622.214
MinimumVisualStudioVersion = 10.0.40219.1
Project("{FAE04EC0-301F-11D3-BF4B-00C04F79EFBC}") = "AutoMapperDemo", "AutoMapperDemo\AutoMapperDemo.csproj", "{BB070F39-82E3-47C9-8BFE-51BB27E1D71E}"
EndProject
Global
	GlobalSection(SolutionConfigurationPlatforms) = preSolution
		Debug|Any CPU = Debug|Any CPU
		Release|Any CPU = Release|Any CPU
	EndGlobalSection
	GlobalSection(ProjectConfigurationPlatforms) = postSolution
		{BB070F39-82E3-47C9-8BFE-51BB27E1D71E}.Debug|Any CPU.ActiveCfg = Debug|Any CPU
		{BB070F39-82E3-47C9-8BFE-51BB27E1D71E}.Debug|Any CPU.Build.0 = Debug|Any CPU
		{BB070F39-82E3-47C9-8BFE-51BB27E1D71E}.Release|Any CPU.ActiveCfg = Release|Any CPU
		{BB070F39-82E3-47C9-8BFE-51BB27E1D71E}.Release|Any CPU.Build.0 = Release|Any CPU
	EndGlobalSection
	GlobalSection(SolutionProperties) = preSolution
		HideSolutionNode = FALSE
	EndGlobalSection
	GlobalSection(ExtensibilityGlobals) = postSolution
		SolutionGuid = {E2FCD6CE-1400-4470-BAD6-D8898311E4A9}
	EndGlobalSection
EndGlobal
